
Microsoft Visual Studio Solution File, Format Version 12.00
# Visual Studio Version 17
VisualStudioVersion = 17.5.33530.505
MinimumVisualStudioVersion = 10.0.40219.1
Project("{FAE04EC0-301F-11D3-BF4B-00C04F79EFBC}") = "UsuariosAPI", "UsuariosAPI\UsuariosAPI.csproj", "{87BE9CF7-0F7E-400F-AD8A-5D0F350DB3E3}"
EndProject
Global
	GlobalSection(SolutionConfigurationPlatforms) = preSolution
		Debug|Any CPU = Debug|Any CPU
		Release|Any CPU = Release|Any CPU
	EndGlobalSection
	GlobalSection(ProjectConfigurationPlatforms) = postSolution
		{87BE9CF7-0F7E-400F-AD8A-5D0F350DB3E3}.Debug|Any CPU.ActiveCfg = Debug|Any CPU
		{87BE9CF7-0F7E-400F-AD8A-5D0F350DB3E3}.Debug|Any CPU.Build.0 = Debug|Any CPU
		{87BE9CF7-0F7E-400F-AD8A-5D0F350DB3E3}.Release|Any CPU.ActiveCfg = Release|Any CPU
		{87BE9CF7-0F7E-400F-AD8A-5D0F350DB3E3}.Release|Any CPU.Build.0 = Release|Any CPU
	EndGlobalSection
	GlobalSection(SolutionProperties) = preSolution
		HideSolutionNode = FALSE
	EndGlobalSection
	GlobalSection(ExtensibilityGlobals) = postSolution
		SolutionGuid = {67C0A7FC-DA45-4AF2-B867-A752C854AEB3}
	EndGlobalSection
EndGlobal
